{
  "version": 4,
  "terraform_version": "1.3.7",
  "serial": 14,
  "lineage": "6b9ebfa0-0861-c8b0-bfa2-318e95e58324",
  "outputs": {},
  "resources": [
    {
      "mode": "managed",
      "type": "google_compute_network",
      "name": "vpc",
      "provider": "provider[\"registry.terraform.io/hashicorp/google\"]",
      "instances": [
        {
          "schema_version": 0,
          "attributes": {
            "auto_create_subnetworks": false,
            "delete_default_routes_on_create": false,
            "description": "",
            "enable_ula_internal_ipv6": false,
            "gateway_ipv4": "",
            "id": "projects/tidy-federation-377908/global/networks/tidy-federation-377908-vpc",
            "internal_ipv6_range": "",
            "mtu": 0,
            "name": "tidy-federation-377908-vpc",
            "project": "tidy-federation-377908",
            "routing_mode": "REGIONAL",
            "self_link": "https://www.googleapis.com/compute/v1/projects/tidy-federation-377908/global/networks/tidy-federation-377908-vpc",
            "timeouts": null
          },
          "sensitive_attributes": [],
          "private": "eyJlMmJmYjczMC1lY2FhLTExZTYtOGY4OC0zNDM2M2JjN2M0YzAiOnsiY3JlYXRlIjoxMjAwMDAwMDAwMDAwLCJkZWxldGUiOjEyMDAwMDAwMDAwMDAsInVwZGF0ZSI6MTIwMDAwMDAwMDAwMH19"
        }
      ]
    },
    {
      "mode": "managed",
      "type": "google_compute_subnetwork",
      "name": "subnet",
      "provider": "provider[\"registry.terraform.io/hashicorp/google\"]",
      "instances": [
        {
          "schema_version": 0,
          "attributes": {
            "creation_timestamp": "2023-02-15T01:45:45.563-08:00",
            "description": "",
            "external_ipv6_prefix": "",
            "fingerprint": null,
            "gateway_address": "10.10.0.1",
            "id": "projects/tidy-federation-377908/regions/europe-west1/subnetworks/tidy-federation-377908-subnet",
            "ip_cidr_range": "10.10.0.0/24",
            "ipv6_access_type": "",
            "ipv6_cidr_range": "",
            "log_config": [],
            "name": "tidy-federation-377908-subnet",
            "network": "https://www.googleapis.com/compute/v1/projects/tidy-federation-377908/global/networks/tidy-federation-377908-vpc",
            "private_ip_google_access": false,
            "private_ipv6_google_access": "DISABLE_GOOGLE_ACCESS",
            "project": "tidy-federation-377908",
            "purpose": "PRIVATE",
            "region": "europe-west1",
            "role": "",
            "secondary_ip_range": [],
            "self_link": "https://www.googleapis.com/compute/v1/projects/tidy-federation-377908/regions/europe-west1/subnetworks/tidy-federation-377908-subnet",
            "stack_type": "IPV4_ONLY",
            "timeouts": null
          },
          "sensitive_attributes": [],
          "private": "eyJlMmJmYjczMC1lY2FhLTExZTYtOGY4OC0zNDM2M2JjN2M0YzAiOnsiY3JlYXRlIjoxMjAwMDAwMDAwMDAwLCJkZWxldGUiOjEyMDAwMDAwMDAwMDAsInVwZGF0ZSI6MTIwMDAwMDAwMDAwMH19",
          "dependencies": [
            "google_compute_network.vpc"
          ]
        }
      ]
    },
    {
      "mode": "managed",
      "type": "google_container_cluster",
      "name": "primary",
      "provider": "provider[\"registry.terraform.io/hashicorp/google\"]",
      "instances": [
        {
          "schema_version": 1,
          "attributes": {
            "addons_config": [
              {
                "cloudrun_config": [],
                "gcp_filestore_csi_driver_config": [],
                "horizontal_pod_autoscaling": [],
                "http_load_balancing": [],
                "network_policy_config": [
                  {
                    "disabled": true
                  }
                ]
              }
            ],
            "authenticator_groups_config": [],
            "cluster_autoscaling": [
              {
                "auto_provisioning_defaults": [],
                "enabled": false,
                "resource_limits": []
              }
            ],
            "cluster_ipv4_cidr": "10.136.0.0/14",
            "confidential_nodes": [],
            "database_encryption": [
              {
                "key_name": "",
                "state": "DECRYPTED"
              }
            ],
            "datapath_provider": "",
            "default_max_pods_per_node": null,
            "default_snat_status": [
              {
                "disabled": false
              }
            ],
            "description": "",
            "dns_config": [],
            "enable_autopilot": false,
            "enable_binary_authorization": false,
            "enable_intranode_visibility": false,
            "enable_kubernetes_alpha": false,
            "enable_legacy_abac": false,
            "enable_shielded_nodes": true,
            "enable_tpu": false,
            "endpoint": "34.79.157.122",
            "id": "projects/tidy-federation-377908/locations/europe-west1/clusters/tidy-federation-377908-gke",
            "initial_node_count": 1,
            "ip_allocation_policy": [],
            "label_fingerprint": "a9dc16a7",
            "location": "europe-west1",
            "logging_config": [
              {
                "enable_components": [
                  "SYSTEM_COMPONENTS",
                  "WORKLOADS"
                ]
              }
            ],
            "logging_service": "logging.googleapis.com/kubernetes",
            "maintenance_policy": [],
            "master_auth": [
              {
                "client_certificate": "",
                "client_certificate_config": [
                  {
                    "issue_client_certificate": false
                  }
                ],
                "client_key": "",
                "cluster_ca_certificate": "LS0tLS1CRUdJTiBDRVJUSUZJQ0FURS0tLS0tCk1JSUVMRENDQXBTZ0F3SUJBZ0lRV290NzREOGpNMXpteWpnZTB2Y21XREFOQmdrcWhraUc5dzBCQVFzRkFEQXYKTVMwd0t3WURWUVFERXlRMVpXRXpNalUwT1MweFpqaGpMVFEyWVRjdE9EY3lNaTB3WlRJek56VTVaRE13TVRJdwpJQmNOTWpNd01qRTFNRGcwTlRVM1doZ1BNakExTXpBeU1EY3dPVFExTlRkYU1DOHhMVEFyQmdOVkJBTVRKRFZsCllUTXlOVFE1TFRGbU9HTXRORFpoTnkwNE56SXlMVEJsTWpNM05UbGtNekF4TWpDQ0FhSXdEUVlKS29aSWh2Y04KQVFFQkJRQURnZ0dQQURDQ0FZb0NnZ0dCQUtWcmtQd1kvemp5N3pUQThZNGdXNnB1QmhBWCtaRlRteHM0ai9Ncgp6MkExZFdLdmNyQTNTdUZuSGYrWlVVRFRkSVZBNzNPRGlHZ1RxdUIzdXQyb1ZFWXBkMFRDRzUwaWwvajExTnhnCm50L2tvSGJkRWp5TEJxcld3Wkx1MEdkNFowZ2ZhQWM4SmZVYVpjQWVQMDZOM2FudXdIV2oxa3ZMVzVhdE1EMzIKY1pvcW5DNkhPSnRVSHRvNjhxcTN5ZHY3SDVMVDA5TSthM1ZBcVVPZThTNVMzWTZQQUh3NklURHV1QVl4aDdpcgprYTFLNmJvNXhGYnVMczZxYmhmaHQ2RmRTTzU5ZWtzMHVUbE84Y2dXeFRFTWRCUFRDRjIzTlFKWWU5MkFPTHBPClY0NlFxR1M2RzJkcy9MVTdDMFhOOHNnbnd1dGswYzFwekVBL1F6VmREMXlRcjZENE9WVVhGeTk0NEVObTFpakgKM2MrSmtGZ0JESGdkZGZCNklPRFpJRnlRQW8vUGw4QnRaRTIvQTFxcnl5WFl0d3FRc3JZcmFDNnJvcHpjNzkwVwpRck9PakVPMGJpaVRQN0w1Yy9idEhGQ1BsZWE2Qy95dWpQN21WcmVSRUpUSW83U2Q1alFhSGxTYWNWbTVUK0s4CjhpMDdYZStwSmcwbnZJNG1sd0ZyY0NuZUJRSURBUUFCbzBJd1FEQU9CZ05WSFE4QkFmOEVCQU1DQWdRd0R3WUQKVlIwVEFRSC9CQVV3QXdFQi96QWRCZ05WSFE0RUZnUVVrM3B5UWs0WVZXSVpwbnFJbmRwYm04aklkM1F3RFFZSgpLb1pJaHZjTkFRRUxCUUFEZ2dHQkFLSjNBbitlRm9EeGJKa0paNVhzOGVORXB6b2NnMGtLSjJjSG5ZNG5XZXQ4ClRmblhKVjk3T0pjcmhXZ0hjYWlZNExYa09nN2FFMzFmMUkvUUdxdHNtR2lxMURTUUpwZ0xiRVZRaUJxNlRFTjAKbWxxWHVVc0lPZ0FmUE93S3hrb1JhQzVlQ2RseVF6NHhFOU5Wam9qTXNZQWxaaE8xc1RSVXFUcjBEWHA5UjE3VwpET0RmT290bHZicWx4ajRDNXd0ZDQrZ0xHbThiSlM2d3IwYi9nVjlCVFFUdHltNk1zak9aMkhrTGhjekIzQ1NDCkhvM3pQOUdzcnI2NnNjTkxvbVhZN3ZXNmNGc3ZMS1NhQnBXUkIzU1ZaRXVwbEV6ZVV4OW9MY1I2N045disvN2EKbytnc1VKdTg5d0U4ZUp6ekU3OFVaMWs4MW5oL1JDWWZIMld6TnRyeUYvYS9Cb3NEdTNtanRCLzBRVjU4SDZQYQo2bFJpeXNhMkJaMzFCRFNGUUtaeXhlQlRSSHA0MUREazkzbHpRL04rSFpxMy9vcEJQZzRxSTFTVFlzTWNVeWhUCkxza25PQU9iWFJ6bzRvaHVBMzRUUjRoYmNlbnNjSURHWUM1ODhZRXAxMFYzdVVtSUZNUHhMd0h1aFFuTG5IcU4KRWlIbS9YZWthZWY0MUJnTVdkRUN6Zz09Ci0tLS0tRU5EIENFUlRJRklDQVRFLS0tLS0K"
              }
            ],
            "master_authorized_networks_config": [],
            "master_version": "1.24.8-gke.2000",
            "min_master_version": null,
            "monitoring_config": [
              {
                "enable_components": [
                  "SYSTEM_COMPONENTS"
                ]
              }
            ],
            "monitoring_service": "monitoring.googleapis.com/kubernetes",
            "name": "tidy-federation-377908-gke",
            "network": "projects/tidy-federation-377908/global/networks/tidy-federation-377908-vpc",
            "network_policy": [
              {
                "enabled": false,
                "provider": "PROVIDER_UNSPECIFIED"
              }
            ],
            "networking_mode": "ROUTES",
            "node_config": [],
            "node_locations": [
              "europe-west1-b",
              "europe-west1-c",
              "europe-west1-d"
            ],
            "node_pool": [],
            "node_version": "1.24.8-gke.2000",
            "operation": null,
            "private_cluster_config": [
              {
                "enable_private_endpoint": false,
                "enable_private_nodes": false,
                "master_global_access_config": [
                  {
                    "enabled": false
                  }
                ],
                "master_ipv4_cidr_block": "",
                "peering_name": "",
                "private_endpoint": "10.10.0.2",
                "public_endpoint": "34.79.157.122"
              }
            ],
            "private_ipv6_google_access": "",
            "project": "tidy-federation-377908",
            "release_channel": [
              {
                "channel": "REGULAR"
              }
            ],
            "remove_default_node_pool": true,
            "resource_labels": null,
            "resource_usage_export_config": [],
            "self_link": "https://container.googleapis.com/v1/projects/tidy-federation-377908/locations/europe-west1/clusters/tidy-federation-377908-gke",
            "services_ipv4_cidr": "10.139.240.0/20",
            "subnetwork": "projects/tidy-federation-377908/regions/europe-west1/subnetworks/tidy-federation-377908-subnet",
            "timeouts": null,
            "tpu_ipv4_cidr_block": "",
            "vertical_pod_autoscaling": [],
            "workload_identity_config": []
          },
          "sensitive_attributes": [],
          "private": "eyJlMmJmYjczMC1lY2FhLTExZTYtOGY4OC0zNDM2M2JjN2M0YzAiOnsiY3JlYXRlIjoyNDAwMDAwMDAwMDAwLCJkZWxldGUiOjI0MDAwMDAwMDAwMDAsInJlYWQiOjI0MDAwMDAwMDAwMDAsInVwZGF0ZSI6MzYwMDAwMDAwMDAwMH0sInNjaGVtYV92ZXJzaW9uIjoiMSJ9",
          "dependencies": [
            "google_compute_network.vpc",
            "google_compute_subnetwork.subnet"
          ]
        }
      ]
    },
    {
      "mode": "managed",
      "type": "google_container_node_pool",
      "name": "primary_nodes",
      "provider": "provider[\"registry.terraform.io/hashicorp/google\"]",
      "instances": [
        {
          "status": "tainted",
          "schema_version": 1,
          "attributes": {
            "autoscaling": [],
            "cluster": "tidy-federation-377908-gke",
            "id": "projects/tidy-federation-377908/locations/europe-west1/clusters/tidy-federation-377908-gke/nodePools/tidy-federation-377908-gke",
            "initial_node_count": null,
            "instance_group_urls": null,
            "location": "europe-west1",
            "managed_instance_group_urls": null,
            "management": null,
            "max_pods_per_node": null,
            "name": "tidy-federation-377908-gke",
            "name_prefix": null,
            "node_config": [
              {
                "boot_disk_kms_key": "",
                "disk_size_gb": 0,
                "disk_type": "",
                "gcfs_config": [],
                "guest_accelerator": [],
                "gvnic": [],
                "image_type": "",
                "labels": {
                  "env": "tidy-federation-377908"
                },
                "local_ssd_count": 0,
                "machine_type": "n1-standard-1",
                "metadata": {
                  "disable-legacy-endpoints": "true"
                },
                "min_cpu_platform": "",
                "node_group": "",
                "oauth_scopes": [
                  "https://www.googleapis.com/auth/logging.write",
                  "https://www.googleapis.com/auth/monitoring"
                ],
                "preemptible": false,
                "service_account": "",
                "shielded_instance_config": [],
                "spot": false,
                "tags": [
                  "gke-node",
                  "tidy-federation-377908-gke"
                ],
                "taint": [],
                "workload_metadata_config": []
              }
            ],
            "node_count": 2,
            "node_locations": [],
            "operation": null,
            "project": null,
            "timeouts": null,
            "upgrade_settings": null,
            "version": null
          },
          "sensitive_attributes": [],
          "private": "eyJlMmJmYjczMC1lY2FhLTExZTYtOGY4OC0zNDM2M2JjN2M0YzAiOnsiY3JlYXRlIjoxODAwMDAwMDAwMDAwLCJkZWxldGUiOjE4MDAwMDAwMDAwMDAsInVwZGF0ZSI6MTgwMDAwMDAwMDAwMH0sInNjaGVtYV92ZXJzaW9uIjoiMSJ9",
          "dependencies": [
            "google_compute_network.vpc",
            "google_compute_subnetwork.subnet",
            "google_container_cluster.primary"
          ]
        }
      ]
    }
  ],
  "check_results": null
}
