{
  "version": 4,
  "terraform_version": "1.3.7",
  "serial": 24,
  "lineage": "6b9ebfa0-0861-c8b0-bfa2-318e95e58324",
  "outputs": {},
  "resources": [
    {
      "mode": "managed",
      "type": "google_compute_network",
      "name": "vpc",
      "provider": "provider[\"registry.terraform.io/hashicorp/google\"]",
      "instances": [
        {
          "schema_version": 0,
          "attributes": {
            "auto_create_subnetworks": true,
            "delete_default_routes_on_create": false,
            "description": "",
            "enable_ula_internal_ipv6": false,
            "gateway_ipv4": "",
            "id": "projects/tidy-federation-377908/global/networks/tidy-federation-377908-vpc",
            "internal_ipv6_range": "",
            "mtu": 0,
            "name": "tidy-federation-377908-vpc",
            "project": "tidy-federation-377908",
            "routing_mode": "REGIONAL",
            "self_link": "https://www.googleapis.com/compute/v1/projects/tidy-federation-377908/global/networks/tidy-federation-377908-vpc",
            "timeouts": null
          },
          "sensitive_attributes": [],
          "private": "eyJlMmJmYjczMC1lY2FhLTExZTYtOGY4OC0zNDM2M2JjN2M0YzAiOnsiY3JlYXRlIjoxMjAwMDAwMDAwMDAwLCJkZWxldGUiOjEyMDAwMDAwMDAwMDAsInVwZGF0ZSI6MTIwMDAwMDAwMDAwMH19"
        }
      ]
    },
    {
      "mode": "managed",
      "type": "google_container_cluster",
      "name": "cluster",
      "provider": "provider[\"registry.terraform.io/hashicorp/google\"]",
      "instances": [
        {
          "schema_version": 1,
          "attributes": {
            "addons_config": [
              {
                "cloudrun_config": [],
                "gcp_filestore_csi_driver_config": [],
                "horizontal_pod_autoscaling": [],
                "http_load_balancing": [],
                "network_policy_config": [
                  {
                    "disabled": true
                  }
                ]
              }
            ],
            "authenticator_groups_config": [],
            "cluster_autoscaling": [
              {
                "auto_provisioning_defaults": [],
                "enabled": false,
                "resource_limits": []
              }
            ],
            "cluster_ipv4_cidr": "10.0.0.0/14",
            "confidential_nodes": [],
            "database_encryption": [
              {
                "key_name": "",
                "state": "DECRYPTED"
              }
            ],
            "datapath_provider": "",
            "default_max_pods_per_node": null,
            "default_snat_status": [
              {
                "disabled": false
              }
            ],
            "description": "",
            "dns_config": [],
            "enable_autopilot": false,
            "enable_binary_authorization": false,
            "enable_intranode_visibility": false,
            "enable_kubernetes_alpha": false,
            "enable_legacy_abac": false,
            "enable_shielded_nodes": true,
            "enable_tpu": false,
            "endpoint": "34.170.97.24",
            "id": "projects/tidy-federation-377908/locations/us-central1-f/clusters/tidy-federation-377908-gke",
            "initial_node_count": 1,
            "ip_allocation_policy": [],
            "label_fingerprint": "a9dc16a7",
            "location": "us-central1-f",
            "logging_config": [
              {
                "enable_components": [
                  "SYSTEM_COMPONENTS",
                  "WORKLOADS"
                ]
              }
            ],
            "logging_service": "logging.googleapis.com/kubernetes",
            "maintenance_policy": [],
            "master_auth": [
              {
                "client_certificate": "",
                "client_certificate_config": [
                  {
                    "issue_client_certificate": false
                  }
                ],
                "client_key": "",
                "cluster_ca_certificate": "LS0tLS1CRUdJTiBDRVJUSUZJQ0FURS0tLS0tCk1JSUVMVENDQXBXZ0F3SUJBZ0lSQU9semtmREx4N2V1amowaUw1MHk5WTR3RFFZSktvWklodmNOQVFFTEJRQXcKTHpFdE1Dc0dBMVVFQXhNa05EazFOVFl5WVRJdFlUazVNQzAwTldRNUxXRTJaR010WkdNeE5qRm1ObUpqTVdNeQpNQ0FYRFRJek1ESXhOVEE1TWprek5sb1lEekl3TlRNd01qQTNNVEF5T1RNMldqQXZNUzB3S3dZRFZRUURFeVEwCk9UVTFOakpoTWkxaE9Ua3dMVFExWkRrdFlUWmtZeTFrWXpFMk1XWTJZbU14WXpJd2dnR2lNQTBHQ1NxR1NJYjMKRFFFQkFRVUFBNElCandBd2dnR0tBb0lCZ1FEZFlHUU5TZ2Exa3dXUSthc0l1UWVrSmh6Q3BWOVRPUFJYL3l3MApuZkYwaWk3TE5CUGg3VFdSMVRadXFOMitHUVJ2UEc5S0I4VDg5U0ltVVJ1bUJteXNEMmltblJncHFaVzdmWCtBCjV1L2hPZHdBdFdpcFB1cFkvaXQzVDJ2YWtua0kxcjZ0YXF4bUlFNk54VzBYRzk0R2tzRzM3Skh4QzJCRmR0bEQKZTNUZU9BQWJQaU4vd0VycVE1cVFxSWVMa1dOVWs1bmQ3YXFPT1g5Q3lxVVV3Lzd3Sm9lRVFhaEw2UTFCMWtjaApyMlowSlI0bzhNbnlxYkhoU0FCRlp1U0RiRkV0WUJ6VnBsMURYTU15cFRXd1BDOG5mc21GZ2RWWGJ4b0ZmOHNNClNnN3puS09CK205UTV2RngyUk1YdTZ6djdzRnpqKzJjL1J0LzF4OWVGTHp4RmZPL09UZ25jZk9XN2NmSWIxV2QKMHFrUldWVTg3QTVPTUtDR2RHR2lqdlR1NjBibFVYKzJwWHhOSmpTdkF1aVZ2SjVOTVZYc0ViTmljVnc0blRGSQpRVGUySXIxVDFQV1NPL2tNa2tLc3RrU1pzTENzcWJWSVhUV25hNU5LaGdBR3RrelNVdnowUzIvRWFpeVJMNk1oCkNFeGNUTER5SFZXWit4SzJXdG5XaXlha3pWOENBd0VBQWFOQ01FQXdEZ1lEVlIwUEFRSC9CQVFEQWdJRU1BOEcKQTFVZEV3RUIvd1FGTUFNQkFmOHdIUVlEVlIwT0JCWUVGRlpGQkVra3hhKzR2blIrd2IyOEQyZTFrNlM0TUEwRwpDU3FHU0liM0RRRUJDd1VBQTRJQmdRQU9iSVNDSHVyd1g2N0F5UnBJNndUMXF6N29XS0MydUNOUHFrYWhQWkQzCnNCTmphYnMxeSttVDdITS95MlNmY2NFWDJZTjRsVDhHYlVTdElhNUxzbGtkbFFuazl1TFBveGE5bWhSN1cxOEQKY0xvdDB2NEd6cXVyaDE2T1ZUejQydUtaNHJEdUswMTNmbWljR01La0ovVVNjK2xQdDduMmV0WGJOQ3Z1QmFKNwpDK0RIYjFlTzdCV25mQU5CbTB4RWFSVGx2Z3luT0pVYUJyZm9sdDFCemhOb1N6V3pRMlRqRldXTWt0dm5HMi9VCnpsZHlNWkZiRkpFWm1abmVpcUU2bnU5QnYyNjJUd3VVUkFzTjgxeEt0dXFkbzE4Qi92U0R3d3Z1Q3pnNklMZVcKRkNaNE9SSktwNGtaUWF4YmxJVTdwd0xYZ2Z6ZGRaS2daWnF4a3hnWjJ5SWpiRjNINm9RSzgrZzZMUjVWK3l2RgpEL1dNMElEY1pSTnptT2czM3FjM0VlSEhzb290U0Ixd2hBRlpTbG5mK2RocXNCUzZHYmRhOGMraVlLT25LOWsvClVad2tMQWI5cUoyL3lLSjVUelJuWjkrdHhHaDJZVEdRU0dkcTVIYWYxVUkzUVpGVjNJTHdRZ0hndURvRDBFcHMKcW5GYlZXL2pJNkl0SlFRLzROSEJxbjg9Ci0tLS0tRU5EIENFUlRJRklDQVRFLS0tLS0K"
              }
            ],
            "master_authorized_networks_config": [],
            "master_version": "1.24.8-gke.2000",
            "min_master_version": null,
            "monitoring_config": [
              {
                "enable_components": [
                  "SYSTEM_COMPONENTS"
                ]
              }
            ],
            "monitoring_service": "monitoring.googleapis.com/kubernetes",
            "name": "tidy-federation-377908-gke",
            "network": "projects/tidy-federation-377908/global/networks/tidy-federation-377908-vpc",
            "network_policy": [
              {
                "enabled": false,
                "provider": "PROVIDER_UNSPECIFIED"
              }
            ],
            "networking_mode": "ROUTES",
            "node_config": [],
            "node_locations": [],
            "node_pool": [],
            "node_version": "1.24.8-gke.2000",
            "operation": null,
            "private_cluster_config": [
              {
                "enable_private_endpoint": false,
                "enable_private_nodes": false,
                "master_global_access_config": [
                  {
                    "enabled": false
                  }
                ],
                "master_ipv4_cidr_block": "",
                "peering_name": "",
                "private_endpoint": "10.128.0.2",
                "public_endpoint": "34.170.97.24"
              }
            ],
            "private_ipv6_google_access": "",
            "project": "tidy-federation-377908",
            "release_channel": [
              {
                "channel": "REGULAR"
              }
            ],
            "remove_default_node_pool": true,
            "resource_labels": null,
            "resource_usage_export_config": [],
            "self_link": "https://container.googleapis.com/v1/projects/tidy-federation-377908/zones/us-central1-f/clusters/tidy-federation-377908-gke",
            "services_ipv4_cidr": "10.3.240.0/20",
            "subnetwork": "projects/tidy-federation-377908/regions/us-central1/subnetworks/tidy-federation-377908-vpc",
            "timeouts": null,
            "tpu_ipv4_cidr_block": "",
            "vertical_pod_autoscaling": [],
            "workload_identity_config": []
          },
          "sensitive_attributes": [],
          "private": "eyJlMmJmYjczMC1lY2FhLTExZTYtOGY4OC0zNDM2M2JjN2M0YzAiOnsiY3JlYXRlIjoyNDAwMDAwMDAwMDAwLCJkZWxldGUiOjI0MDAwMDAwMDAwMDAsInJlYWQiOjI0MDAwMDAwMDAwMDAsInVwZGF0ZSI6MzYwMDAwMDAwMDAwMH0sInNjaGVtYV92ZXJzaW9uIjoiMSJ9",
          "dependencies": [
            "google_compute_network.vpc"
          ]
        }
      ]
    },
    {
      "mode": "managed",
      "type": "google_container_node_pool",
      "name": "cluster_node_pool",
      "provider": "provider[\"registry.terraform.io/hashicorp/google\"]",
      "instances": [
        {
          "schema_version": 1,
          "attributes": {
            "autoscaling": [],
            "cluster": "tidy-federation-377908-gke",
            "id": "projects/tidy-federation-377908/locations/us-central1-f/clusters/tidy-federation-377908-gke/nodePools/tidy-federation-377908-node-pool",
            "initial_node_count": 1,
            "instance_group_urls": [
              "https://www.googleapis.com/compute/v1/projects/tidy-federation-377908/zones/us-central1-f/instanceGroupManagers/gke-tidy-federation--tidy-federation--9221d147-grp"
            ],
            "location": "us-central1-f",
            "managed_instance_group_urls": [
              "https://www.googleapis.com/compute/v1/projects/tidy-federation-377908/zones/us-central1-f/instanceGroups/gke-tidy-federation--tidy-federation--9221d147-grp"
            ],
            "management": [
              {
                "auto_repair": true,
                "auto_upgrade": true
              }
            ],
            "max_pods_per_node": null,
            "name": "tidy-federation-377908-node-pool",
            "name_prefix": "",
            "node_config": [
              {
                "boot_disk_kms_key": "",
                "disk_size_gb": 100,
                "disk_type": "pd-balanced",
                "gcfs_config": [],
                "guest_accelerator": [],
                "gvnic": [],
                "image_type": "COS_CONTAINERD",
                "labels": {
                  "env": "tidy-federation-377908"
                },
                "local_ssd_count": 0,
                "machine_type": "n1-standard-1",
                "metadata": {
                  "disable-legacy-endpoints": "true"
                },
                "min_cpu_platform": "",
                "node_group": "",
                "oauth_scopes": [
                  "https://www.googleapis.com/auth/logging.write",
                  "https://www.googleapis.com/auth/monitoring"
                ],
                "preemptible": false,
                "service_account": "default",
                "shielded_instance_config": [
                  {
                    "enable_integrity_monitoring": true,
                    "enable_secure_boot": false
                  }
                ],
                "spot": false,
                "tags": [
                  "gke-node",
                  "tidy-federation-377908-gke"
                ],
                "taint": [],
                "workload_metadata_config": []
              }
            ],
            "node_count": 1,
            "node_locations": [
              "us-central1-f"
            ],
            "operation": null,
            "project": "tidy-federation-377908",
            "timeouts": null,
            "upgrade_settings": [
              {
                "max_surge": 1,
                "max_unavailable": 0
              }
            ],
            "version": "1.24.8-gke.2000"
          },
          "sensitive_attributes": [],
          "private": "eyJlMmJmYjczMC1lY2FhLTExZTYtOGY4OC0zNDM2M2JjN2M0YzAiOnsiY3JlYXRlIjoxODAwMDAwMDAwMDAwLCJkZWxldGUiOjE4MDAwMDAwMDAwMDAsInVwZGF0ZSI6MTgwMDAwMDAwMDAwMH0sInNjaGVtYV92ZXJzaW9uIjoiMSJ9",
          "dependencies": [
            "google_compute_network.vpc",
            "google_container_cluster.cluster"
          ]
        }
      ]
    }
  ],
  "check_results": null
}
